
Microsoft Visual Studio Solution File, Format Version 12.00
# Visual Studio Version 16
VisualStudioVersion = 16.0.30128.74
MinimumVisualStudioVersion = 10.0.40219.1
Project("{9A19103F-16F7-4668-BE54-9A1E7A4F7556}") = "Calendar_2", "Calendar_2\Calendar_2.csproj", "{32DB4EC1-B72D-4562-BD92-85AFE3E353C7}"
EndProject
Global
	GlobalSection(SolutionConfigurationPlatforms) = preSolution
		Debug|Any CPU = Debug|Any CPU
		Release|Any CPU = Release|Any CPU
	EndGlobalSection
	GlobalSection(ProjectConfigurationPlatforms) = postSolution
		{32DB4EC1-B72D-4562-BD92-85AFE3E353C7}.Debug|Any CPU.ActiveCfg = Debug|Any CPU
		{32DB4EC1-B72D-4562-BD92-85AFE3E353C7}.Debug|Any CPU.Build.0 = Debug|Any CPU
		{32DB4EC1-B72D-4562-BD92-85AFE3E353C7}.Release|Any CPU.ActiveCfg = Release|Any CPU
		{32DB4EC1-B72D-4562-BD92-85AFE3E353C7}.Release|Any CPU.Build.0 = Release|Any CPU
	EndGlobalSection
	GlobalSection(SolutionProperties) = preSolution
		HideSolutionNode = FALSE
	EndGlobalSection
	GlobalSection(ExtensibilityGlobals) = postSolution
		SolutionGuid = {9EF2B875-700E-4992-8DB6-A9B41AE025C1}
	EndGlobalSection
EndGlobal
